
Microsoft Visual Studio Solution File, Format Version 12.00
# Visual Studio Version 17
VisualStudioVersion = 17.5.002.0
MinimumVisualStudioVersion = 10.0.40219.1
Project("{2150E333-8FDC-42A3-9474-1A3956D46DE8}") = "Intermediate", "Intermediate", "{D8C59565-8893-4294-86EC-C6146EA31264}"
EndProject
Project("{2150E333-8FDC-42A3-9474-1A3956D46DE8}") = "Build", "Build", "{7712BFF7-1FB0-42FF-A917-A0A22C0736C9}"
EndProject
Project("{2150E333-8FDC-42A3-9474-1A3956D46DE8}") = "BuildRulesProjects", "BuildRulesProjects", "{BDBAAC92-5909-4BBB-9E2E-7489C3EA6C4E}"
EndProject
Project("{9A19103F-16F7-4668-BE54-9A1E7A4F7556}") = "HelloSlime3ModuleRules", "Intermediate\Build\BuildRulesProjects\HelloSlime3ModuleRules\HelloSlime3ModuleRules.csproj", "{9E5CB4ED-7E4A-42EF-8D85-ED561E7F2CCD}"
EndProject
Global
	GlobalSection(SolutionConfigurationPlatforms) = preSolution
		Debug|Any CPU = Debug|Any CPU
		Release|Any CPU = Release|Any CPU
	EndGlobalSection
	GlobalSection(ProjectConfigurationPlatforms) = postSolution
		{9E5CB4ED-7E4A-42EF-8D85-ED561E7F2CCD}.Debug|Any CPU.ActiveCfg = Debug|Any CPU
		{9E5CB4ED-7E4A-42EF-8D85-ED561E7F2CCD}.Debug|Any CPU.Build.0 = Debug|Any CPU
		{9E5CB4ED-7E4A-42EF-8D85-ED561E7F2CCD}.Release|Any CPU.ActiveCfg = Release|Any CPU
		{9E5CB4ED-7E4A-42EF-8D85-ED561E7F2CCD}.Release|Any CPU.Build.0 = Release|Any CPU
	EndGlobalSection
	GlobalSection(SolutionProperties) = preSolution
		HideSolutionNode = FALSE
	EndGlobalSection
	GlobalSection(NestedProjects) = preSolution
		{7712BFF7-1FB0-42FF-A917-A0A22C0736C9} = {D8C59565-8893-4294-86EC-C6146EA31264}
		{BDBAAC92-5909-4BBB-9E2E-7489C3EA6C4E} = {7712BFF7-1FB0-42FF-A917-A0A22C0736C9}
		{9E5CB4ED-7E4A-42EF-8D85-ED561E7F2CCD} = {BDBAAC92-5909-4BBB-9E2E-7489C3EA6C4E}
	EndGlobalSection
	GlobalSection(ExtensibilityGlobals) = postSolution
		SolutionGuid = {4F5B03DF-675E-4E40-96E3-4566C1615AE7}
	EndGlobalSection
EndGlobal
